
Microsoft Visual Studio Solution File, Format Version 12.00
# Visual Studio Version 16
VisualStudioVersion = 16.0.32002.261
MinimumVisualStudioVersion = 10.0.40219.1
Project("{FAE04EC0-301F-11D3-BF4B-00C04F79EFBC}") = "GiantSquid", "GiantSquid\GiantSquid.csproj", "{63F6AB94-A01C-435F-AB59-E6ACB1BC0352}"
EndProject
Global
	GlobalSection(SolutionConfigurationPlatforms) = preSolution
		Debug|Any CPU = Debug|Any CPU
		Release|Any CPU = Release|Any CPU
	EndGlobalSection
	GlobalSection(ProjectConfigurationPlatforms) = postSolution
		{63F6AB94-A01C-435F-AB59-E6ACB1BC0352}.Debug|Any CPU.ActiveCfg = Debug|Any CPU
		{63F6AB94-A01C-435F-AB59-E6ACB1BC0352}.Debug|Any CPU.Build.0 = Debug|Any CPU
		{63F6AB94-A01C-435F-AB59-E6ACB1BC0352}.Release|Any CPU.ActiveCfg = Release|Any CPU
		{63F6AB94-A01C-435F-AB59-E6ACB1BC0352}.Release|Any CPU.Build.0 = Release|Any CPU
	EndGlobalSection
	GlobalSection(SolutionProperties) = preSolution
		HideSolutionNode = FALSE
	EndGlobalSection
	GlobalSection(ExtensibilityGlobals) = postSolution
		SolutionGuid = {0228DF2F-116A-41A6-9F7F-B675EEBCBCEA}
	EndGlobalSection
EndGlobal
